// !$*UTF8*$!
{
	archiveVersion = 1;
	classes = {
	};
	objectVersion = 56;
	objects = {

/* Begin PBXBuildFile section */
		802AD1A42C9F504900C355EE /* mybmiApp.swift in Sources */ = {isa = PBXBuildFile; fileRef = 802AD1A32C9F504900C355EE /* mybmiApp.swift */; };
		802AD1A62C9F504900C355EE /* ContentView.swift in Sources */ = {isa = PBXBuildFile; fileRef = 802AD1A52C9F504900C355EE /* ContentView.swift */; };
		802AD1A82C9F504A00C355EE /* Assets.xcassets in Resources */ = {isa = PBXBuildFile; fileRef = 802AD1A72C9F504A00C355EE /* Assets.xcassets */; };
		802AD1AC2C9F504A00C355EE /* Preview Assets.xcassets in Resources */ = {isa = PBXBuildFile; fileRef = 802AD1AB2C9F504A00C355EE /* Preview Assets.xcassets */; };
		802AD1B62C9F504A00C355EE /* mybmiTests.swift in Sources */ = {isa = PBXBuildFile; fileRef = 802AD1B52C9F504A00C355EE /* mybmiTests.swift */; };
		802AD1C02C9F504A00C355EE /* mybmiUITests.swift in Sources */ = {isa = PBXBuildFile; fileRef = 802AD1BF2C9F504A00C355EE /* mybmiUITests.swift */; };
		802AD1C22C9F504A00C355EE /* mybmiUITestsLaunchTests.swift in Sources */ = {isa = PBXBuildFile; fileRef = 802AD1C12C9F504A00C355EE /* mybmiUITestsLaunchTests.swift */; };
		802AD1CF2C9F528500C355EE /* BMIService.swift in Sources */ = {isa = PBXBuildFile; fileRef = 802AD1CE2C9F528500C355EE /* BMIService.swift */; };
/* End PBXBuildFile section */

/* Begin PBXContainerItemProxy section */
		802AD1B22C9F504A00C355EE /* PBXContainerItemProxy */ = {
			isa = PBXContainerItemProxy;
			containerPortal = 802AD1982C9F504900C355EE /* Project object */;
			proxyType = 1;
			remoteGlobalIDString = 802AD19F2C9F504900C355EE;
			remoteInfo = mybmi;
		};
		802AD1BC2C9F504A00C355EE /* PBXContainerItemProxy */ = {
			isa = PBXContainerItemProxy;
			containerPortal = 802AD1982C9F504900C355EE /* Project object */;
			proxyType = 1;
			remoteGlobalIDString = 802AD19F2C9F504900C355EE;
			remoteInfo = mybmi;
		};
/* End PBXContainerItemProxy section */

/* Begin PBXFileReference section */
		802AD1A02C9F504900C355EE /* mybmi.app */ = {isa = PBXFileReference; explicitFileType = wrapper.application; includeInIndex = 0; path = mybmi.app; sourceTree = BUILT_PRODUCTS_DIR; };
		802AD1A32C9F504900C355EE /* mybmiApp.swift */ = {isa = PBXFileReference; lastKnownFileType = sourcecode.swift; path = mybmiApp.swift; sourceTree = "<group>"; };
		802AD1A52C9F504900C355EE /* ContentView.swift */ = {isa = PBXFileReference; lastKnownFileType = sourcecode.swift; path = ContentView.swift; sourceTree = "<group>"; };
		802AD1A72C9F504A00C355EE /* Assets.xcassets */ = {isa = PBXFileReference; lastKnownFileType = folder.assetcatalog; path = Assets.xcassets; sourceTree = "<group>"; };
		802AD1A92C9F504A00C355EE /* mybmi.entitlements */ = {isa = PBXFileReference; lastKnownFileType = text.plist.entitlements; path = mybmi.entitlements; sourceTree = "<group>"; };
		802AD1AB2C9F504A00C355EE /* Preview Assets.xcassets */ = {isa = PBXFileReference; lastKnownFileType = folder.assetcatalog; path = "Preview Assets.xcassets"; sourceTree = "<group>"; };
		802AD1B12C9F504A00C355EE /* mybmiTests.xctest */ = {isa = PBXFileReference; explicitFileType = wrapper.cfbundle; includeInIndex = 0; path = mybmiTests.xctest; sourceTree = BUILT_PRODUCTS_DIR; };
		802AD1B52C9F504A00C355EE /* mybmiTests.swift */ = {isa = PBXFileReference; lastKnownFileType = sourcecode.swift; path = mybmiTests.swift; sourceTree = "<group>"; };
		802AD1BB2C9F504A00C355EE /* mybmiUITests.xctest */ = {isa = PBXFileReference; explicitFileType = wrapper.cfbundle; includeInIndex = 0; path = mybmiUITests.xctest; sourceTree = BUILT_PRODUCTS_DIR; };
		802AD1BF2C9F504A00C355EE /* mybmiUITests.swift */ = {isa = PBXFileReference; lastKnownFileType = sourcecode.swift; path = mybmiUITests.swift; sourceTree = "<group>"; };
		802AD1C12C9F504A00C355EE /* mybmiUITestsLaunchTests.swift */ = {isa = PBXFileReference; lastKnownFileType = sourcecode.swift; path = mybmiUITestsLaunchTests.swift; sourceTree = "<group>"; };
		802AD1CE2C9F528500C355EE /* BMIService.swift */ = {isa = PBXFileReference; lastKnownFileType = sourcecode.swift; path = BMIService.swift; sourceTree = "<group>"; };
/* End PBXFileReference section */

/* Begin PBXFrameworksBuildPhase section */
		802AD19D2C9F504900C355EE /* Frameworks */ = {
			isa = PBXFrameworksBuildPhase;
			buildActionMask = 2147483647;
			files = (
			);
			runOnlyForDeploymentPostprocessing = 0;
		};
		802AD1AE2C9F504A00C355EE /* Frameworks */ = {
			isa = PBXFrameworksBuildPhase;
			buildActionMask = 2147483647;
			files = (
			);
			runOnlyForDeploymentPostprocessing = 0;
		};
		802AD1B82C9F504A00C355EE /* Frameworks */ = {
			isa = PBXFrameworksBuildPhase;
			buildActionMask = 2147483647;
			files = (
			);
			runOnlyForDeploymentPostprocessing = 0;
		};
/* End PBXFrameworksBuildPhase section */

/* Begin PBXGroup section */
		802AD1972C9F504900C355EE = {
			isa = PBXGroup;
			children = (
				802AD1A22C9F504900C355EE /* mybmi */,
				802AD1B42C9F504A00C355EE /* mybmiTests */,
				802AD1BE2C9F504A00C355EE /* mybmiUITests */,
				802AD1A12C9F504900C355EE /* Products */,
			);
			sourceTree = "<group>";
		};
		802AD1A12C9F504900C355EE /* Products */ = {
			isa = PBXGroup;
			children = (
				802AD1A02C9F504900C355EE /* mybmi.app */,
				802AD1B12C9F504A00C355EE /* mybmiTests.xctest */,
				802AD1BB2C9F504A00C355EE /* mybmiUITests.xctest */,
			);
			name = Products;
			sourceTree = "<group>";
		};
		802AD1A22C9F504900C355EE /* mybmi */ = {
			isa = PBXGroup;
			children = (
				802AD1A32C9F504900C355EE /* mybmiApp.swift */,
				802AD1A52C9F504900C355EE /* ContentView.swift */,
				802AD1CE2C9F528500C355EE /* BMIService.swift */,
				802AD1A72C9F504A00C355EE /* Assets.xcassets */,
				802AD1A92C9F504A00C355EE /* mybmi.entitlements */,
				802AD1AA2C9F504A00C355EE /* Preview Content */,
			);
			path = mybmi;
			sourceTree = "<group>";
		};
		802AD1AA2C9F504A00C355EE /* Preview Content */ = {
			isa = PBXGroup;
			children = (
				802AD1AB2C9F504A00C355EE /* Preview Assets.xcassets */,
			);
			path = "Preview Content";
			sourceTree = "<group>";
		};
		802AD1B42C9F504A00C355EE /* mybmiTests */ = {
			isa = PBXGroup;
			children = (
				802AD1B52C9F504A00C355EE /* mybmiTests.swift */,
			);
			path = mybmiTests;
			sourceTree = "<group>";
		};
		802AD1BE2C9F504A00C355EE /* mybmiUITests */ = {
			isa = PBXGroup;
			children = (
				802AD1BF2C9F504A00C355EE /* mybmiUITests.swift */,
				802AD1C12C9F504A00C355EE /* mybmiUITestsLaunchTests.swift */,
			);
			path = mybmiUITests;
			sourceTree = "<group>";
		};
/* End PBXGroup section */

/* Begin PBXNativeTarget section */
		802AD19F2C9F504900C355EE /* mybmi */ = {
			isa = PBXNativeTarget;
			buildConfigurationList = 802AD1C52C9F504A00C355EE /* Build configuration list for PBXNativeTarget "mybmi" */;
			buildPhases = (
				802AD19C2C9F504900C355EE /* Sources */,
				802AD19D2C9F504900C355EE /* Frameworks */,
				802AD19E2C9F504900C355EE /* Resources */,
			);
			buildRules = (
			);
			dependencies = (
			);
			name = mybmi;
			productName = mybmi;
			productReference = 802AD1A02C9F504900C355EE /* mybmi.app */;
			productType = "com.apple.product-type.application";
		};
		802AD1B02C9F504A00C355EE /* mybmiTests */ = {
			isa = PBXNativeTarget;
			buildConfigurationList = 802AD1C82C9F504A00C355EE /* Build configuration list for PBXNativeTarget "mybmiTests" */;
			buildPhases = (
				802AD1AD2C9F504A00C355EE /* Sources */,
				802AD1AE2C9F504A00C355EE /* Frameworks */,
				802AD1AF2C9F504A00C355EE /* Resources */,
			);
			buildRules = (
			);
			dependencies = (
				802AD1B32C9F504A00C355EE /* PBXTargetDependency */,
			);
			name = mybmiTests;
			productName = mybmiTests;
			productReference = 802AD1B12C9F504A00C355EE /* mybmiTests.xctest */;
			productType = "com.apple.product-type.bundle.unit-test";
		};
		802AD1BA2C9F504A00C355EE /* mybmiUITests */ = {
			isa = PBXNativeTarget;
			buildConfigurationList = 802AD1CB2C9F504A00C355EE /* Build configuration list for PBXNativeTarget "mybmiUITests" */;
			buildPhases = (
				802AD1B72C9F504A00C355EE /* Sources */,
				802AD1B82C9F504A00C355EE /* Frameworks */,
				802AD1B92C9F504A00C355EE /* Resources */,
			);
			buildRules = (
			);
			dependencies = (
				802AD1BD2C9F504A00C355EE /* PBXTargetDependency */,
			);
			name = mybmiUITests;
			productName = mybmiUITests;
			productReference = 802AD1BB2C9F504A00C355EE /* mybmiUITests.xctest */;
			productType = "com.apple.product-type.bundle.ui-testing";
		};
/* End PBXNativeTarget section */

/* Begin PBXProject section */
		802AD1982C9F504900C355EE /* Project object */ = {
			isa = PBXProject;
			attributes = {
				BuildIndependentTargetsInParallel = 1;
				LastSwiftUpdateCheck = 1540;
				LastUpgradeCheck = 1540;
				TargetAttributes = {
					802AD19F2C9F504900C355EE = {
						CreatedOnToolsVersion = 15.4;
					};
					802AD1B02C9F504A00C355EE = {
						CreatedOnToolsVersion = 15.4;
						TestTargetID = 802AD19F2C9F504900C355EE;
					};
					802AD1BA2C9F504A00C355EE = {
						CreatedOnToolsVersion = 15.4;
						TestTargetID = 802AD19F2C9F504900C355EE;
					};
				};
			};
			buildConfigurationList = 802AD19B2C9F504900C355EE /* Build configuration list for PBXProject "mybmi" */;
			compatibilityVersion = "Xcode 14.0";
			developmentRegion = en;
			hasScannedForEncodings = 0;
			knownRegions = (
				en,
				Base,
			);
			mainGroup = 802AD1972C9F504900C355EE;
			productRefGroup = 802AD1A12C9F504900C355EE /* Products */;
			projectDirPath = "";
			projectRoot = "";
			targets = (
				802AD19F2C9F504900C355EE /* mybmi */,
				802AD1B02C9F504A00C355EE /* mybmiTests */,
				802AD1BA2C9F504A00C355EE /* mybmiUITests */,
			);
		};
/* End PBXProject section */

/* Begin PBXResourcesBuildPhase section */
		802AD19E2C9F504900C355EE /* Resources */ = {
			isa = PBXResourcesBuildPhase;
			buildActionMask = 2147483647;
			files = (
				802AD1AC2C9F504A00C355EE /* Preview Assets.xcassets in Resources */,
				802AD1A82C9F504A00C355EE /* Assets.xcassets in Resources */,
			);
			runOnlyForDeploymentPostprocessing = 0;
		};
		802AD1AF2C9F504A00C355EE /* Resources */ = {
			isa = PBXResourcesBuildPhase;
			buildActionMask = 2147483647;
			files = (
			);
			runOnlyForDeploymentPostprocessing = 0;
		};
		802AD1B92C9F504A00C355EE /* Resources */ = {
			isa = PBXResourcesBuildPhase;
			buildActionMask = 2147483647;
			files = (
			);
			runOnlyForDeploymentPostprocessing = 0;
		};
/* End PBXResourcesBuildPhase section */

/* Begin PBXSourcesBuildPhase section */
		802AD19C2C9F504900C355EE /* Sources */ = {
			isa = PBXSourcesBuildPhase;
			buildActionMask = 2147483647;
			files = (
				802AD1A62C9F504900C355EE /* ContentView.swift in Sources */,
				802AD1A42C9F504900C355EE /* mybmiApp.swift in Sources */,
				802AD1CF2C9F528500C355EE /* BMIService.swift in Sources */,
			);
			runOnlyForDeploymentPostprocessing = 0;
		};
		802AD1AD2C9F504A00C355EE /* Sources */ = {
			isa = PBXSourcesBuildPhase;
			buildActionMask = 2147483647;
			files = (
				802AD1B62C9F504A00C355EE /* mybmiTests.swift in Sources */,
			);
			runOnlyForDeploymentPostprocessing = 0;
		};
		802AD1B72C9F504A00C355EE /* Sources */ = {
			isa = PBXSourcesBuildPhase;
			buildActionMask = 2147483647;
			files = (
				802AD1C02C9F504A00C355EE /* mybmiUITests.swift in Sources */,
				802AD1C22C9F504A00C355EE /* mybmiUITestsLaunchTests.swift in Sources */,
			);
			runOnlyForDeploymentPostprocessing = 0;
		};
/* End PBXSourcesBuildPhase section */

/* Begin PBXTargetDependency section */
		802AD1B32C9F504A00C355EE /* PBXTargetDependency */ = {
			isa = PBXTargetDependency;
			target = 802AD19F2C9F504900C355EE /* mybmi */;
			targetProxy = 802AD1B22C9F504A00C355EE /* PBXContainerItemProxy */;
		};
		802AD1BD2C9F504A00C355EE /* PBXTargetDependency */ = {
			isa = PBXTargetDependency;
			target = 802AD19F2C9F504900C355EE /* mybmi */;
			targetProxy = 802AD1BC2C9F504A00C355EE /* PBXContainerItemProxy */;
		};
/* End PBXTargetDependency section */

/* Begin XCBuildConfiguration section */
		802AD1C32C9F504A00C355EE /* Debug */ = {
			isa = XCBuildConfiguration;
			buildSettings = {
				ALWAYS_SEARCH_USER_PATHS = NO;
				ASSETCATALOG_COMPILER_GENERATE_SWIFT_ASSET_SYMBOL_EXTENSIONS = YES;
				CLANG_ANALYZER_NONNULL = YES;
				CLANG_ANALYZER_NUMBER_OBJECT_CONVERSION = YES_AGGRESSIVE;
				CLANG_CXX_LANGUAGE_STANDARD = "gnu++20";
				CLANG_ENABLE_MODULES = YES;
				CLANG_ENABLE_OBJC_ARC = YES;
				CLANG_ENABLE_OBJC_WEAK = YES;
				CLANG_WARN_BLOCK_CAPTURE_AUTORELEASING = YES;
				CLANG_WARN_BOOL_CONVERSION = YES;
				CLANG_WARN_COMMA = YES;
				CLANG_WARN_CONSTANT_CONVERSION = YES;
				CLANG_WARN_DEPRECATED_OBJC_IMPLEMENTATIONS = YES;
				CLANG_WARN_DIRECT_OBJC_ISA_USAGE = YES_ERROR;
				CLANG_WARN_DOCUMENTATION_COMMENTS = YES;
				CLANG_WARN_EMPTY_BODY = YES;
				CLANG_WARN_ENUM_CONVERSION = YES;
				CLANG_WARN_INFINITE_RECURSION = YES;
				CLANG_WARN_INT_CONVERSION = YES;
				CLANG_WARN_NON_LITERAL_NULL_CONVERSION = YES;
				CLANG_WARN_OBJC_IMPLICIT_RETAIN_SELF = YES;
				CLANG_WARN_OBJC_LITERAL_CONVERSION = YES;
				CLANG_WARN_OBJC_ROOT_CLASS = YES_ERROR;
				CLANG_WARN_QUOTED_INCLUDE_IN_FRAMEWORK_HEADER = YES;
				CLANG_WARN_RANGE_LOOP_ANALYSIS = YES;
				CLANG_WARN_STRICT_PROTOTYPES = YES;
				CLANG_WARN_SUSPICIOUS_MOVE = YES;
				CLANG_WARN_UNGUARDED_AVAILABILITY = YES_AGGRESSIVE;
				CLANG_WARN_UNREACHABLE_CODE = YES;
				CLANG_WARN__DUPLICATE_METHOD_MATCH = YES;
				COPY_PHASE_STRIP = NO;
				DEBUG_INFORMATION_FORMAT = dwarf;
				ENABLE_STRICT_OBJC_MSGSEND = YES;
				ENABLE_TESTABILITY = YES;
				ENABLE_USER_SCRIPT_SANDBOXING = YES;
				GCC_C_LANGUAGE_STANDARD = gnu17;
				GCC_DYNAMIC_NO_PIC = NO;
				GCC_NO_COMMON_BLOCKS = YES;
				GCC_OPTIMIZATION_LEVEL = 0;
				GCC_PREPROCESSOR_DEFINITIONS = (
					"DEBUG=1",
					"$(inherited)",
				);
				GCC_WARN_64_TO_32_BIT_CONVERSION = YES;
				GCC_WARN_ABOUT_RETURN_TYPE = YES_ERROR;
				GCC_WARN_UNDECLARED_SELECTOR = YES;
				GCC_WARN_UNINITIALIZED_AUTOS = YES_AGGRESSIVE;
				GCC_WARN_UNUSED_FUNCTION = YES;
				GCC_WARN_UNUSED_VARIABLE = YES;
				LOCALIZATION_PREFERS_STRING_CATALOGS = YES;
				MTL_ENABLE_DEBUG_INFO = INCLUDE_SOURCE;
				MTL_FAST_MATH = YES;
				ONLY_ACTIVE_ARCH = YES;
				SWIFT_ACTIVE_COMPILATION_CONDITIONS = "DEBUG $(inherited)";
				SWIFT_OPTIMIZATION_LEVEL = "-Onone";
			};
			name = Debug;
		};
		802AD1C42C9F504A00C355EE /* Release */ = {
			isa = XCBuildConfiguration;
			buildSettings = {
				ALWAYS_SEARCH_USER_PATHS = NO;
				ASSETCATALOG_COMPILER_GENERATE_SWIFT_ASSET_SYMBOL_EXTENSIONS = YES;
				CLANG_ANALYZER_NONNULL = YES;
				CLANG_ANALYZER_NUMBER_OBJECT_CONVERSION = YES_AGGRESSIVE;
				CLANG_CXX_LANGUAGE_STANDARD = "gnu++20";
				CLANG_ENABLE_MODULES = YES;
				CLANG_ENABLE_OBJC_ARC = YES;
				CLANG_ENABLE_OBJC_WEAK = YES;
				CLANG_WARN_BLOCK_CAPTURE_AUTORELEASING = YES;
				CLANG_WARN_BOOL_CONVERSION = YES;
				CLANG_WARN_COMMA = YES;
				CLANG_WARN_CONSTANT_CONVERSION = YES;
				CLANG_WARN_DEPRECATED_OBJC_IMPLEMENTATIONS = YES;
				CLANG_WARN_DIRECT_OBJC_ISA_USAGE = YES_ERROR;
				CLANG_WARN_DOCUMENTATION_COMMENTS = YES;
				CLANG_WARN_EMPTY_BODY = YES;
				CLANG_WARN_ENUM_CONVERSION = YES;
				CLANG_WARN_INFINITE_RECURSION = YES;
				CLANG_WARN_INT_CONVERSION = YES;
				CLANG_WARN_NON_LITERAL_NULL_CONVERSION = YES;
				CLANG_WARN_OBJC_IMPLICIT_RETAIN_SELF = YES;
				CLANG_WARN_OBJC_LITERAL_CONVERSION = YES;
				CLANG_WARN_OBJC_ROOT_CLASS = YES_ERROR;
				CLANG_WARN_QUOTED_INCLUDE_IN_FRAMEWORK_HEADER = YES;
				CLANG_WARN_RANGE_LOOP_ANALYSIS = YES;
				CLANG_WARN_STRICT_PROTOTYPES = YES;
				CLANG_WARN_SUSPICIOUS_MOVE = YES;
				CLANG_WARN_UNGUARDED_AVAILABILITY = YES_AGGRESSIVE;
				CLANG_WARN_UNREACHABLE_CODE = YES;
				CLANG_WARN__DUPLICATE_METHOD_MATCH = YES;
				COPY_PHASE_STRIP = NO;
				DEBUG_INFORMATION_FORMAT = "dwarf-with-dsym";
				ENABLE_NS_ASSERTIONS = NO;
				ENABLE_STRICT_OBJC_MSGSEND = YES;
				ENABLE_USER_SCRIPT_SANDBOXING = YES;
				GCC_C_LANGUAGE_STANDARD = gnu17;
				GCC_NO_COMMON_BLOCKS = YES;
				GCC_WARN_64_TO_32_BIT_CONVERSION = YES;
				GCC_WARN_ABOUT_RETURN_TYPE = YES_ERROR;
				GCC_WARN_UNDECLARED_SELECTOR = YES;
				GCC_WARN_UNINITIALIZED_AUTOS = YES_AGGRESSIVE;
				GCC_WARN_UNUSED_FUNCTION = YES;
				GCC_WARN_UNUSED_VARIABLE = YES;
				LOCALIZATION_PREFERS_STRING_CATALOGS = YES;
				MTL_ENABLE_DEBUG_INFO = NO;
				MTL_FAST_MATH = YES;
				SWIFT_COMPILATION_MODE = wholemodule;
			};
			name = Release;
		};
		802AD1C62C9F504A00C355EE /* Debug */ = {
			isa = XCBuildConfiguration;
			buildSettings = {
				ASSETCATALOG_COMPILER_APPICON_NAME = AppIcon;
				ASSETCATALOG_COMPILER_GLOBAL_ACCENT_COLOR_NAME = AccentColor;
				CODE_SIGN_ENTITLEMENTS = mybmi/mybmi.entitlements;
				CODE_SIGN_STYLE = Automatic;
				CURRENT_PROJECT_VERSION = 1;
				DEVELOPMENT_ASSET_PATHS = "\"mybmi/Preview Content\"";
				ENABLE_PREVIEWS = YES;
				GENERATE_INFOPLIST_FILE = YES;
				"INFOPLIST_KEY_UIApplicationSceneManifest_Generation[sdk=iphoneos*]" = YES;
				"INFOPLIST_KEY_UIApplicationSceneManifest_Generation[sdk=iphonesimulator*]" = YES;
				"INFOPLIST_KEY_UIApplicationSupportsIndirectInputEvents[sdk=iphoneos*]" = YES;
				"INFOPLIST_KEY_UIApplicationSupportsIndirectInputEvents[sdk=iphonesimulator*]" = YES;
				"INFOPLIST_KEY_UILaunchScreen_Generation[sdk=iphoneos*]" = YES;
				"INFOPLIST_KEY_UILaunchScreen_Generation[sdk=iphonesimulator*]" = YES;
				"INFOPLIST_KEY_UIStatusBarStyle[sdk=iphoneos*]" = UIStatusBarStyleDefault;
				"INFOPLIST_KEY_UIStatusBarStyle[sdk=iphonesimulator*]" = UIStatusBarStyleDefault;
				INFOPLIST_KEY_UISupportedInterfaceOrientations_iPad = "UIInterfaceOrientationPortrait UIInterfaceOrientationPortraitUpsideDown UIInterfaceOrientationLandscapeLeft UIInterfaceOrientationLandscapeRight";
				INFOPLIST_KEY_UISupportedInterfaceOrientations_iPhone = "UIInterfaceOrientationPortrait UIInterfaceOrientationLandscapeLeft UIInterfaceOrientationLandscapeRight";
				IPHONEOS_DEPLOYMENT_TARGET = 17.5;
				LD_RUNPATH_SEARCH_PATHS = "@executable_path/Frameworks";
				"LD_RUNPATH_SEARCH_PATHS[sdk=macosx*]" = "@executable_path/../Frameworks";
				MACOSX_DEPLOYMENT_TARGET = 14.5;
				MARKETING_VERSION = 1.0;
				PRODUCT_BUNDLE_IDENTIFIER = hello.mybmi;
				PRODUCT_NAME = "$(TARGET_NAME)";
				SDKROOT = auto;
				SUPPORTED_PLATFORMS = "iphoneos iphonesimulator macosx";
				SWIFT_EMIT_LOC_STRINGS = YES;
				SWIFT_VERSION = 5.0;
				TARGETED_DEVICE_FAMILY = "1,2";
			};
			name = Debug;
		};
		802AD1C72C9F504A00C355EE /* Release */ = {
			isa = XCBuildConfiguration;
			buildSettings = {
				ASSETCATALOG_COMPILER_APPICON_NAME = AppIcon;
				ASSETCATALOG_COMPILER_GLOBAL_ACCENT_COLOR_NAME = AccentColor;
				CODE_SIGN_ENTITLEMENTS = mybmi/mybmi.entitlements;
				CODE_SIGN_STYLE = Automatic;
				CURRENT_PROJECT_VERSION = 1;
				DEVELOPMENT_ASSET_PATHS = "\"mybmi/Preview Content\"";
				ENABLE_PREVIEWS = YES;
				GENERATE_INFOPLIST_FILE = YES;
				"INFOPLIST_KEY_UIApplicationSceneManifest_Generation[sdk=iphoneos*]" = YES;
				"INFOPLIST_KEY_UIApplicationSceneManifest_Generation[sdk=iphonesimulator*]" = YES;
				"INFOPLIST_KEY_UIApplicationSupportsIndirectInputEvents[sdk=iphoneos*]" = YES;
				"INFOPLIST_KEY_UIApplicationSupportsIndirectInputEvents[sdk=iphonesimulator*]" = YES;
				"INFOPLIST_KEY_UILaunchScreen_Generation[sdk=iphoneos*]" = YES;
				"INFOPLIST_KEY_UILaunchScreen_Generation[sdk=iphonesimulator*]" = YES;
				"INFOPLIST_KEY_UIStatusBarStyle[sdk=iphoneos*]" = UIStatusBarStyleDefault;
				"INFOPLIST_KEY_UIStatusBarStyle[sdk=iphonesimulator*]" = UIStatusBarStyleDefault;
				INFOPLIST_KEY_UISupportedInterfaceOrientations_iPad = "UIInterfaceOrientationPortrait UIInterfaceOrientationPortraitUpsideDown UIInterfaceOrientationLandscapeLeft UIInterfaceOrientationLandscapeRight";
				INFOPLIST_KEY_UISupportedInterfaceOrientations_iPhone = "UIInterfaceOrientationPortrait UIInterfaceOrientationLandscapeLeft UIInterfaceOrientationLandscapeRight";
				IPHONEOS_DEPLOYMENT_TARGET = 17.5;
				LD_RUNPATH_SEARCH_PATHS = "@executable_path/Frameworks";
				"LD_RUNPATH_SEARCH_PATHS[sdk=macosx*]" = "@executable_path/../Frameworks";
				MACOSX_DEPLOYMENT_TARGET = 14.5;
				MARKETING_VERSION = 1.0;
				PRODUCT_BUNDLE_IDENTIFIER = hello.mybmi;
				PRODUCT_NAME = "$(TARGET_NAME)";
				SDKROOT = auto;
				SUPPORTED_PLATFORMS = "iphoneos iphonesimulator macosx";
				SWIFT_EMIT_LOC_STRINGS = YES;
				SWIFT_VERSION = 5.0;
				TARGETED_DEVICE_FAMILY = "1,2";
			};
			name = Release;
		};
		802AD1C92C9F504A00C355EE /* Debug */ = {
			isa = XCBuildConfiguration;
			buildSettings = {
				ALWAYS_EMBED_SWIFT_STANDARD_LIBRARIES = YES;
				BUNDLE_LOADER = "$(TEST_HOST)";
				CODE_SIGN_STYLE = Automatic;
				CURRENT_PROJECT_VERSION = 1;
				GENERATE_INFOPLIST_FILE = YES;
				IPHONEOS_DEPLOYMENT_TARGET = 17.5;
				MACOSX_DEPLOYMENT_TARGET = 14.5;
				MARKETING_VERSION = 1.0;
				PRODUCT_BUNDLE_IDENTIFIER = hello.mybmiTests;
				PRODUCT_NAME = "$(TARGET_NAME)";
				SDKROOT = auto;
				SUPPORTED_PLATFORMS = "iphoneos iphonesimulator macosx";
				SWIFT_EMIT_LOC_STRINGS = NO;
				SWIFT_VERSION = 5.0;
				TARGETED_DEVICE_FAMILY = "1,2";
				TEST_HOST = "$(BUILT_PRODUCTS_DIR)/mybmi.app/$(BUNDLE_EXECUTABLE_FOLDER_PATH)/mybmi";
			};
			name = Debug;
		};
		802AD1CA2C9F504A00C355EE /* Release */ = {
			isa = XCBuildConfiguration;
			buildSettings = {
				ALWAYS_EMBED_SWIFT_STANDARD_LIBRARIES = YES;
				BUNDLE_LOADER = "$(TEST_HOST)";
				CODE_SIGN_STYLE = Automatic;
				CURRENT_PROJECT_VERSION = 1;
				GENERATE_INFOPLIST_FILE = YES;
				IPHONEOS_DEPLOYMENT_TARGET = 17.5;
				MACOSX_DEPLOYMENT_TARGET = 14.5;
				MARKETING_VERSION = 1.0;
				PRODUCT_BUNDLE_IDENTIFIER = hello.mybmiTests;
				PRODUCT_NAME = "$(TARGET_NAME)";
				SDKROOT = auto;
				SUPPORTED_PLATFORMS = "iphoneos iphonesimulator macosx";
				SWIFT_EMIT_LOC_STRINGS = NO;
				SWIFT_VERSION = 5.0;
				TARGETED_DEVICE_FAMILY = "1,2";
				TEST_HOST = "$(BUILT_PRODUCTS_DIR)/mybmi.app/$(BUNDLE_EXECUTABLE_FOLDER_PATH)/mybmi";
			};
			name = Release;
		};
		802AD1CC2C9F504A00C355EE /* Debug */ = {
			isa = XCBuildConfiguration;
			buildSettings = {
				ALWAYS_EMBED_SWIFT_STANDARD_LIBRARIES = YES;
				CODE_SIGN_STYLE = Automatic;
				CURRENT_PROJECT_VERSION = 1;
				GENERATE_INFOPLIST_FILE = YES;
				IPHONEOS_DEPLOYMENT_TARGET = 17.5;
				MACOSX_DEPLOYMENT_TARGET = 14.5;
				MARKETING_VERSION = 1.0;
				PRODUCT_BUNDLE_IDENTIFIER = hello.mybmiUITests;
				PRODUCT_NAME = "$(TARGET_NAME)";
				SDKROOT = auto;
				SUPPORTED_PLATFORMS = "iphoneos iphonesimulator macosx";
				SWIFT_EMIT_LOC_STRINGS = NO;
				SWIFT_VERSION = 5.0;
				TARGETED_DEVICE_FAMILY = "1,2";
				TEST_TARGET_NAME = mybmi;
			};
			name = Debug;
		};
		802AD1CD2C9F504A00C355EE /* Release */ = {
			isa = XCBuildConfiguration;
			buildSettings = {
				ALWAYS_EMBED_SWIFT_STANDARD_LIBRARIES = YES;
				CODE_SIGN_STYLE = Automatic;
				CURRENT_PROJECT_VERSION = 1;
				GENERATE_INFOPLIST_FILE = YES;
				IPHONEOS_DEPLOYMENT_TARGET = 17.5;
				MACOSX_DEPLOYMENT_TARGET = 14.5;
				MARKETING_VERSION = 1.0;
				PRODUCT_BUNDLE_IDENTIFIER = hello.mybmiUITests;
				PRODUCT_NAME = "$(TARGET_NAME)";
				SDKROOT = auto;
				SUPPORTED_PLATFORMS = "iphoneos iphonesimulator macosx";
				SWIFT_EMIT_LOC_STRINGS = NO;
				SWIFT_VERSION = 5.0;
				TARGETED_DEVICE_FAMILY = "1,2";
				TEST_TARGET_NAME = mybmi;
			};
			name = Release;
		};
/* End XCBuildConfiguration section */

/* Begin XCConfigurationList section */
		802AD19B2C9F504900C355EE /* Build configuration list for PBXProject "mybmi" */ = {
			isa = XCConfigurationList;
			buildConfigurations = (
				802AD1C32C9F504A00C355EE /* Debug */,
				802AD1C42C9F504A00C355EE /* Release */,
			);
			defaultConfigurationIsVisible = 0;
			defaultConfigurationName = Release;
		};
		802AD1C52C9F504A00C355EE /* Build configuration list for PBXNativeTarget "mybmi" */ = {
			isa = XCConfigurationList;
			buildConfigurations = (
				802AD1C62C9F504A00C355EE /* Debug */,
				802AD1C72C9F504A00C355EE /* Release */,
			);
			defaultConfigurationIsVisible = 0;
			defaultConfigurationName = Release;
		};
		802AD1C82C9F504A00C355EE /* Build configuration list for PBXNativeTarget "mybmiTests" */ = {
			isa = XCConfigurationList;
			buildConfigurations = (
				802AD1C92C9F504A00C355EE /* Debug */,
				802AD1CA2C9F504A00C355EE /* Release */,
			);
			defaultConfigurationIsVisible = 0;
			defaultConfigurationName = Release;
		};
		802AD1CB2C9F504A00C355EE /* Build configuration list for PBXNativeTarget "mybmiUITests" */ = {
			isa = XCConfigurationList;
			buildConfigurations = (
				802AD1CC2C9F504A00C355EE /* Debug */,
				802AD1CD2C9F504A00C355EE /* Release */,
			);
			defaultConfigurationIsVisible = 0;
			defaultConfigurationName = Release;
		};
/* End XCConfigurationList section */
	};
	rootObject = 802AD1982C9F504900C355EE /* Project object */;
}
